
Microsoft Visual Studio Solution File, Format Version 12.00
# Visual Studio 15
Project("{FAE04EC0-301F-11D3-BF4B-00C04F79EFBC}") = "CalculaterUIConsole", "CalculaterUIConsole\CalculaterUIConsole.csproj", "{6B678F14-527C-4679-872D-E3CE036460E2}"
EndProject
Project("{FAE04EC0-301F-11D3-BF4B-00C04F79EFBC}") = "CalculatorTests", "CalculatorTests\CalculatorTests.csproj", "{ABB498CB-436A-4BC7-A900-D2CB4609674F}"
EndProject
Global
	GlobalSection(SolutionConfigurationPlatforms) = preSolution
		Debug|Any CPU = Debug|Any CPU
		Release|Any CPU = Release|Any CPU
	EndGlobalSection
	GlobalSection(ProjectConfigurationPlatforms) = postSolution
		{6B678F14-527C-4679-872D-E3CE036460E2}.Debug|Any CPU.ActiveCfg = Debug|Any CPU
		{6B678F14-527C-4679-872D-E3CE036460E2}.Debug|Any CPU.Build.0 = Debug|Any CPU
		{6B678F14-527C-4679-872D-E3CE036460E2}.Release|Any CPU.ActiveCfg = Release|Any CPU
		{6B678F14-527C-4679-872D-E3CE036460E2}.Release|Any CPU.Build.0 = Release|Any CPU
		{ABB498CB-436A-4BC7-A900-D2CB4609674F}.Debug|Any CPU.ActiveCfg = Debug|Any CPU
		{ABB498CB-436A-4BC7-A900-D2CB4609674F}.Debug|Any CPU.Build.0 = Debug|Any CPU
		{ABB498CB-436A-4BC7-A900-D2CB4609674F}.Release|Any CPU.ActiveCfg = Release|Any CPU
		{ABB498CB-436A-4BC7-A900-D2CB4609674F}.Release|Any CPU.Build.0 = Release|Any CPU
	EndGlobalSection
EndGlobal
